
Microsoft Visual Studio Solution File, Format Version 12.00
# Visual Studio Version 17
VisualStudioVersion = 17.2.32630.192
MinimumVisualStudioVersion = 10.0.40219.1
Project("{888888A0-9F3D-457C-B088-3A5042F75D52}") = "DirectoryTree", "DirectoryTree\DirectoryTree.pyproj", "{059B7E57-4A51-424C-B5B4-664C7E4AB6C6}"
EndProject
Global
	GlobalSection(SolutionConfigurationPlatforms) = preSolution
		Debug|Any CPU = Debug|Any CPU
		Release|Any CPU = Release|Any CPU
	EndGlobalSection
	GlobalSection(ProjectConfigurationPlatforms) = postSolution
		{059B7E57-4A51-424C-B5B4-664C7E4AB6C6}.Debug|Any CPU.ActiveCfg = Debug|Any CPU
		{059B7E57-4A51-424C-B5B4-664C7E4AB6C6}.Release|Any CPU.ActiveCfg = Release|Any CPU
	EndGlobalSection
	GlobalSection(SolutionProperties) = preSolution
		HideSolutionNode = FALSE
	EndGlobalSection
	GlobalSection(ExtensibilityGlobals) = postSolution
		SolutionGuid = {10BB5059-6A8E-43DA-8814-C393DBC79465}
	EndGlobalSection
EndGlobal
