
Microsoft Visual Studio Solution File, Format Version 12.00
# Visual Studio Version 17
VisualStudioVersion = 17.2.32630.192
MinimumVisualStudioVersion = 10.0.40219.1
Project("{888888A0-9F3D-457C-B088-3A5042F75D52}") = "qtpycryptor", "qtpycryptor\qtpycryptor.pyproj", "{E2A24C55-2004-4E6D-A811-3B7FB1393B92}"
EndProject
Global
	GlobalSection(SolutionConfigurationPlatforms) = preSolution
		Debug|Any CPU = Debug|Any CPU
		Release|Any CPU = Release|Any CPU
	EndGlobalSection
	GlobalSection(ProjectConfigurationPlatforms) = postSolution
		{E2A24C55-2004-4E6D-A811-3B7FB1393B92}.Debug|Any CPU.ActiveCfg = Debug|Any CPU
		{E2A24C55-2004-4E6D-A811-3B7FB1393B92}.Release|Any CPU.ActiveCfg = Release|Any CPU
	EndGlobalSection
	GlobalSection(SolutionProperties) = preSolution
		HideSolutionNode = FALSE
	EndGlobalSection
	GlobalSection(ExtensibilityGlobals) = postSolution
		SolutionGuid = {EB829106-F684-48E3-BB8A-4F1A9CB0C687}
	EndGlobalSection
EndGlobal
